
Microsoft Visual Studio Solution File, Format Version 12.00
# Visual Studio Version 17
VisualStudioVersion = 17.1.32210.238
MinimumVisualStudioVersion = 10.0.40219.1
Project("{9A19103F-16F7-4668-BE54-9A1E7A4F7556}") = "Algoloop.Brokerages", "Algoloop.Brokerages\Algoloop.Brokerages.csproj", "{3BC71AF6-C753-44EF-9F5B-408E9667A6A2}"
EndProject
Project("{9A19103F-16F7-4668-BE54-9A1E7A4F7556}") = "Algoloop.Tests", "Algoloop.Tests\Algoloop.Tests.csproj", "{B2F29D1E-750D-4471-BD2A-F3BF60978197}"
EndProject
Project("{9A19103F-16F7-4668-BE54-9A1E7A4F7556}") = "Algoloop.Wpf", "Algoloop.Wpf\Algoloop.Wpf.csproj", "{E8CD4583-5676-4F49-8C6A-8F2E2EF7DAEF}"
EndProject
Project("{9A19103F-16F7-4668-BE54-9A1E7A4F7556}") = "QuantConnect.Algorithm", "Algorithm\QuantConnect.Algorithm.csproj", "{934E554A-BA57-4D30-A444-3B46521F72C3}"
EndProject
Project("{9A19103F-16F7-4668-BE54-9A1E7A4F7556}") = "QuantConnect.Algorithm.CSharp", "Algorithm.CSharp\QuantConnect.Algorithm.CSharp.csproj", "{0E274E77-0C8B-4650-B45B-94399770674A}"
EndProject
Project("{9A19103F-16F7-4668-BE54-9A1E7A4F7556}") = "QuantConnect.Algorithm.Framework", "Algorithm.Framework\QuantConnect.Algorithm.Framework.csproj", "{D470A070-3DCA-4CBE-B746-BD695267E412}"
EndProject
Project("{9A19103F-16F7-4668-BE54-9A1E7A4F7556}") = "QuantConnect.Algorithm.Python", "Algorithm.Python\QuantConnect.Algorithm.Python.csproj", "{79AAFCD0-7437-4F2C-BEAB-107A53C63EE7}"
EndProject
Project("{9A19103F-16F7-4668-BE54-9A1E7A4F7556}") = "QuantConnect.AlgorithmFactory", "AlgorithmFactory\QuantConnect.AlgorithmFactory.csproj", "{67442771-6AA9-4F6F-A7F9-D99D65CB549A}"
EndProject
Project("{9A19103F-16F7-4668-BE54-9A1E7A4F7556}") = "QuantConnect.Api", "Api\QuantConnect.Api.csproj", "{2B1D5175-F960-4FF2-A27B-ED473556DD15}"
EndProject
Project("{9A19103F-16F7-4668-BE54-9A1E7A4F7556}") = "QuantConnect.Brokerages", "Brokerages\QuantConnect.Brokerages.csproj", "{8B655E45-6D8A-493A-B9DF-338E84CF44A7}"
EndProject
Project("{9A19103F-16F7-4668-BE54-9A1E7A4F7556}") = "Capnode.Wpf", "Capnode.Wpf\Capnode.Wpf.csproj", "{47C9AB92-D5E0-4E0E-8E72-27286095CAAB}"
EndProject
Project("{9A19103F-16F7-4668-BE54-9A1E7A4F7556}") = "QuantConnect", "Common\QuantConnect.csproj", "{172558EA-BBB9-4F73-A6D1-86247D366367}"
EndProject
Project("{9A19103F-16F7-4668-BE54-9A1E7A4F7556}") = "QuantConnect.Compression", "Compression\QuantConnect.Compression.csproj", "{EACE14FE-4C54-4052-9229-45243E19D192}"
EndProject
Project("{9A19103F-16F7-4668-BE54-9A1E7A4F7556}") = "QuantConnect.Configuration", "Configuration\QuantConnect.Configuration.csproj", "{5FC25A87-DB13-47B3-B31B-545B50D4E65D}"
EndProject
Project("{9A19103F-16F7-4668-BE54-9A1E7A4F7556}") = "QuantConnect.Lean.Engine", "Engine\QuantConnect.Lean.Engine.csproj", "{5B582E9B-6E63-4806-AFBE-DB492FF10F67}"
EndProject
Project("{9A19103F-16F7-4668-BE54-9A1E7A4F7556}") = "QuantConnect.Indicators", "Indicators\QuantConnect.Indicators.csproj", "{24057A0C-D3EB-474C-A080-A58049976681}"
EndProject
Project("{9A19103F-16F7-4668-BE54-9A1E7A4F7556}") = "QuantConnect.Lean.Launcher", "Launcher\QuantConnect.Lean.Launcher.csproj", "{495DCDEB-C852-42B5-B8E9-0BA4C84575C7}"
EndProject
Project("{9A19103F-16F7-4668-BE54-9A1E7A4F7556}") = "QuantConnect.Logging", "Logging\QuantConnect.Logging.csproj", "{701A1899-B0DB-4431-864B-CF12FAF13B5E}"
EndProject
Project("{9A19103F-16F7-4668-BE54-9A1E7A4F7556}") = "QuantConnect.Messaging", "Messaging\QuantConnect.Messaging.csproj", "{54EAA32D-FB0A-4656-8721-2E0EE8FD093C}"
EndProject
Project("{9A19103F-16F7-4668-BE54-9A1E7A4F7556}") = "QuantConnect.Optimizer", "Optimizer\QuantConnect.Optimizer.csproj", "{D8A0F4DD-677A-4D4F-A456-5A40A5D9A4D7}"
EndProject
Project("{9A19103F-16F7-4668-BE54-9A1E7A4F7556}") = "QuantConnect.Optimizer.Launcher", "Optimizer.Launcher\QuantConnect.Optimizer.Launcher.csproj", "{6415C4AE-7BC8-4A76-ADFD-D9F22E126865}"
EndProject
Project("{888888A0-9F3D-457C-B088-3A5042F75D52}") = "QuantConnect.PythonToolbox", "PythonToolbox\QuantConnect.PythonToolbox.pyproj", "{1C47F4DB-2AFF-4FAE-9142-B33BE654A516}"
EndProject
Project("{9A19103F-16F7-4668-BE54-9A1E7A4F7556}") = "QuantConnect.Queues", "Queues\QuantConnect.Queues.csproj", "{FAF8CCBB-E313-4CB2-A3C0-71B917983584}"
EndProject
Project("{9A19103F-16F7-4668-BE54-9A1E7A4F7556}") = "QuantConnect.Report", "Report\QuantConnect.Report.csproj", "{69541EE1-09CC-45FD-A341-7012CA7878F7}"
EndProject
Project("{9A19103F-16F7-4668-BE54-9A1E7A4F7556}") = "QuantConnect.Research", "Research\QuantConnect.Research.csproj", "{41F302C1-8E4B-4725-B442-82D81C321CE7}"
EndProject
Project("{9A19103F-16F7-4668-BE54-9A1E7A4F7556}") = "QuantConnect.Tests", "Tests\QuantConnect.Tests.csproj", "{BA41D4FD-2788-4D85-9CE7-5CC8B29D6F5B}"
EndProject
Project("{9A19103F-16F7-4668-BE54-9A1E7A4F7556}") = "QuantConnect.ToolBox", "ToolBox\QuantConnect.ToolBox.csproj", "{733B4916-5395-405F-8178-32F29D8298A3}"
EndProject
Project("{9A19103F-16F7-4668-BE54-9A1E7A4F7556}") = "Algoloop.ViewModel", "Algoloop.ViewModel\Algoloop.ViewModel.csproj", "{D0D24830-311F-4028-A427-CEF37F792442}"
EndProject
Project("{9A19103F-16F7-4668-BE54-9A1E7A4F7556}") = "Algoloop.Model", "Algoloop.Model\Algoloop.Model.csproj", "{8B2C72B2-69D0-4146-B200-30EEAC55DFE7}"
EndProject
Project("{C7167F0D-BC9F-4E6E-AFE1-012C56B48DB5}") = "Algoloop.Package", "Algoloop.Package\Algoloop.Package.wapproj", "{FDB6C350-55A5-4FE0-8327-B304502C080D}"
EndProject
Global
	GlobalSection(SolutionConfigurationPlatforms) = preSolution
		Debug|Any CPU = Debug|Any CPU
		Debug|ARM = Debug|ARM
		Debug|arm64 = Debug|arm64
		Debug|x64 = Debug|x64
		Debug|x86 = Debug|x86
		Release|Any CPU = Release|Any CPU
		Release|ARM = Release|ARM
		Release|arm64 = Release|arm64
		Release|x64 = Release|x64
		Release|x86 = Release|x86
	EndGlobalSection
	GlobalSection(ProjectConfigurationPlatforms) = postSolution
		{3BC71AF6-C753-44EF-9F5B-408E9667A6A2}.Debug|Any CPU.ActiveCfg = Debug|Any CPU
		{3BC71AF6-C753-44EF-9F5B-408E9667A6A2}.Debug|Any CPU.Build.0 = Debug|Any CPU
		{3BC71AF6-C753-44EF-9F5B-408E9667A6A2}.Debug|ARM.ActiveCfg = Debug|Any CPU
		{3BC71AF6-C753-44EF-9F5B-408E9667A6A2}.Debug|ARM.Build.0 = Debug|Any CPU
		{3BC71AF6-C753-44EF-9F5B-408E9667A6A2}.Debug|arm64.ActiveCfg = Debug|Any CPU
		{3BC71AF6-C753-44EF-9F5B-408E9667A6A2}.Debug|arm64.Build.0 = Debug|Any CPU
		{3BC71AF6-C753-44EF-9F5B-408E9667A6A2}.Debug|x64.ActiveCfg = Debug|Any CPU
		{3BC71AF6-C753-44EF-9F5B-408E9667A6A2}.Debug|x64.Build.0 = Debug|Any CPU
		{3BC71AF6-C753-44EF-9F5B-408E9667A6A2}.Debug|x86.ActiveCfg = Debug|Any CPU
		{3BC71AF6-C753-44EF-9F5B-408E9667A6A2}.Debug|x86.Build.0 = Debug|Any CPU
		{3BC71AF6-C753-44EF-9F5B-408E9667A6A2}.Release|Any CPU.ActiveCfg = Release|Any CPU
		{3BC71AF6-C753-44EF-9F5B-408E9667A6A2}.Release|Any CPU.Build.0 = Release|Any CPU
		{3BC71AF6-C753-44EF-9F5B-408E9667A6A2}.Release|ARM.ActiveCfg = Release|Any CPU
		{3BC71AF6-C753-44EF-9F5B-408E9667A6A2}.Release|ARM.Build.0 = Release|Any CPU
		{3BC71AF6-C753-44EF-9F5B-408E9667A6A2}.Release|arm64.ActiveCfg = Release|Any CPU
		{3BC71AF6-C753-44EF-9F5B-408E9667A6A2}.Release|arm64.Build.0 = Release|Any CPU
		{3BC71AF6-C753-44EF-9F5B-408E9667A6A2}.Release|x64.ActiveCfg = Release|Any CPU
		{3BC71AF6-C753-44EF-9F5B-408E9667A6A2}.Release|x64.Build.0 = Release|Any CPU
		{3BC71AF6-C753-44EF-9F5B-408E9667A6A2}.Release|x86.ActiveCfg = Release|Any CPU
		{3BC71AF6-C753-44EF-9F5B-408E9667A6A2}.Release|x86.Build.0 = Release|Any CPU
		{B2F29D1E-750D-4471-BD2A-F3BF60978197}.Debug|Any CPU.ActiveCfg = Debug|Any CPU
		{B2F29D1E-750D-4471-BD2A-F3BF60978197}.Debug|Any CPU.Build.0 = Debug|Any CPU
		{B2F29D1E-750D-4471-BD2A-F3BF60978197}.Debug|ARM.ActiveCfg = Debug|Any CPU
		{B2F29D1E-750D-4471-BD2A-F3BF60978197}.Debug|ARM.Build.0 = Debug|Any CPU
		{B2F29D1E-750D-4471-BD2A-F3BF60978197}.Debug|arm64.ActiveCfg = Debug|Any CPU
		{B2F29D1E-750D-4471-BD2A-F3BF60978197}.Debug|arm64.Build.0 = Debug|Any CPU
		{B2F29D1E-750D-4471-BD2A-F3BF60978197}.Debug|x64.ActiveCfg = Debug|Any CPU
		{B2F29D1E-750D-4471-BD2A-F3BF60978197}.Debug|x64.Build.0 = Debug|Any CPU
		{B2F29D1E-750D-4471-BD2A-F3BF60978197}.Debug|x86.ActiveCfg = Debug|Any CPU
		{B2F29D1E-750D-4471-BD2A-F3BF60978197}.Debug|x86.Build.0 = Debug|Any CPU
		{B2F29D1E-750D-4471-BD2A-F3BF60978197}.Release|Any CPU.ActiveCfg = Release|Any CPU
		{B2F29D1E-750D-4471-BD2A-F3BF60978197}.Release|Any CPU.Build.0 = Release|Any CPU
		{B2F29D1E-750D-4471-BD2A-F3BF60978197}.Release|ARM.ActiveCfg = Release|Any CPU
		{B2F29D1E-750D-4471-BD2A-F3BF60978197}.Release|ARM.Build.0 = Release|Any CPU
		{B2F29D1E-750D-4471-BD2A-F3BF60978197}.Release|arm64.ActiveCfg = Release|Any CPU
		{B2F29D1E-750D-4471-BD2A-F3BF60978197}.Release|arm64.Build.0 = Release|Any CPU
		{B2F29D1E-750D-4471-BD2A-F3BF60978197}.Release|x64.ActiveCfg = Release|Any CPU
		{B2F29D1E-750D-4471-BD2A-F3BF60978197}.Release|x64.Build.0 = Release|Any CPU
		{B2F29D1E-750D-4471-BD2A-F3BF60978197}.Release|x86.ActiveCfg = Release|Any CPU
		{B2F29D1E-750D-4471-BD2A-F3BF60978197}.Release|x86.Build.0 = Release|Any CPU
		{E8CD4583-5676-4F49-8C6A-8F2E2EF7DAEF}.Debug|Any CPU.ActiveCfg = Debug|x64
		{E8CD4583-5676-4F49-8C6A-8F2E2EF7DAEF}.Debug|Any CPU.Build.0 = Debug|x64
		{E8CD4583-5676-4F49-8C6A-8F2E2EF7DAEF}.Debug|ARM.ActiveCfg = Debug|x86
		{E8CD4583-5676-4F49-8C6A-8F2E2EF7DAEF}.Debug|ARM.Build.0 = Debug|x86
		{E8CD4583-5676-4F49-8C6A-8F2E2EF7DAEF}.Debug|arm64.ActiveCfg = Debug|x64
		{E8CD4583-5676-4F49-8C6A-8F2E2EF7DAEF}.Debug|arm64.Build.0 = Debug|x64
		{E8CD4583-5676-4F49-8C6A-8F2E2EF7DAEF}.Debug|x64.ActiveCfg = Debug|x64
		{E8CD4583-5676-4F49-8C6A-8F2E2EF7DAEF}.Debug|x64.Build.0 = Debug|x64
		{E8CD4583-5676-4F49-8C6A-8F2E2EF7DAEF}.Debug|x86.ActiveCfg = Debug|x64
		{E8CD4583-5676-4F49-8C6A-8F2E2EF7DAEF}.Debug|x86.Build.0 = Debug|x64
		{E8CD4583-5676-4F49-8C6A-8F2E2EF7DAEF}.Release|Any CPU.ActiveCfg = Release|x64
		{E8CD4583-5676-4F49-8C6A-8F2E2EF7DAEF}.Release|Any CPU.Build.0 = Release|x64
		{E8CD4583-5676-4F49-8C6A-8F2E2EF7DAEF}.Release|ARM.ActiveCfg = Release|x64
		{E8CD4583-5676-4F49-8C6A-8F2E2EF7DAEF}.Release|ARM.Build.0 = Release|x64
		{E8CD4583-5676-4F49-8C6A-8F2E2EF7DAEF}.Release|arm64.ActiveCfg = Release|x64
		{E8CD4583-5676-4F49-8C6A-8F2E2EF7DAEF}.Release|arm64.Build.0 = Release|x64
		{E8CD4583-5676-4F49-8C6A-8F2E2EF7DAEF}.Release|x64.ActiveCfg = Release|x64
		{E8CD4583-5676-4F49-8C6A-8F2E2EF7DAEF}.Release|x64.Build.0 = Release|x64
		{E8CD4583-5676-4F49-8C6A-8F2E2EF7DAEF}.Release|x86.ActiveCfg = Release|x64
		{E8CD4583-5676-4F49-8C6A-8F2E2EF7DAEF}.Release|x86.Build.0 = Release|x64
		{934E554A-BA57-4D30-A444-3B46521F72C3}.Debug|Any CPU.ActiveCfg = Debug|Any CPU
		{934E554A-BA57-4D30-A444-3B46521F72C3}.Debug|Any CPU.Build.0 = Debug|Any CPU
		{934E554A-BA57-4D30-A444-3B46521F72C3}.Debug|ARM.ActiveCfg = Debug|Any CPU
		{934E554A-BA57-4D30-A444-3B46521F72C3}.Debug|ARM.Build.0 = Debug|Any CPU
		{934E554A-BA57-4D30-A444-3B46521F72C3}.Debug|arm64.ActiveCfg = Debug|Any CPU
		{934E554A-BA57-4D30-A444-3B46521F72C3}.Debug|arm64.Build.0 = Debug|Any CPU
		{934E554A-BA57-4D30-A444-3B46521F72C3}.Debug|x64.ActiveCfg = Debug|Any CPU
		{934E554A-BA57-4D30-A444-3B46521F72C3}.Debug|x64.Build.0 = Debug|Any CPU
		{934E554A-BA57-4D30-A444-3B46521F72C3}.Debug|x86.ActiveCfg = Debug|Any CPU
		{934E554A-BA57-4D30-A444-3B46521F72C3}.Debug|x86.Build.0 = Debug|Any CPU
		{934E554A-BA57-4D30-A444-3B46521F72C3}.Release|Any CPU.ActiveCfg = Release|Any CPU
		{934E554A-BA57-4D30-A444-3B46521F72C3}.Release|Any CPU.Build.0 = Release|Any CPU
		{934E554A-BA57-4D30-A444-3B46521F72C3}.Release|ARM.ActiveCfg = Release|Any CPU
		{934E554A-BA57-4D30-A444-3B46521F72C3}.Release|ARM.Build.0 = Release|Any CPU
		{934E554A-BA57-4D30-A444-3B46521F72C3}.Release|arm64.ActiveCfg = Release|Any CPU
		{934E554A-BA57-4D30-A444-3B46521F72C3}.Release|arm64.Build.0 = Release|Any CPU
		{934E554A-BA57-4D30-A444-3B46521F72C3}.Release|x64.ActiveCfg = Release|Any CPU
		{934E554A-BA57-4D30-A444-3B46521F72C3}.Release|x64.Build.0 = Release|Any CPU
		{934E554A-BA57-4D30-A444-3B46521F72C3}.Release|x86.ActiveCfg = Release|Any CPU
		{934E554A-BA57-4D30-A444-3B46521F72C3}.Release|x86.Build.0 = Release|Any CPU
		{0E274E77-0C8B-4650-B45B-94399770674A}.Debug|Any CPU.ActiveCfg = Debug|Any CPU
		{0E274E77-0C8B-4650-B45B-94399770674A}.Debug|Any CPU.Build.0 = Debug|Any CPU
		{0E274E77-0C8B-4650-B45B-94399770674A}.Debug|ARM.ActiveCfg = Debug|Any CPU
		{0E274E77-0C8B-4650-B45B-94399770674A}.Debug|ARM.Build.0 = Debug|Any CPU
		{0E274E77-0C8B-4650-B45B-94399770674A}.Debug|arm64.ActiveCfg = Debug|Any CPU
		{0E274E77-0C8B-4650-B45B-94399770674A}.Debug|arm64.Build.0 = Debug|Any CPU
		{0E274E77-0C8B-4650-B45B-94399770674A}.Debug|x64.ActiveCfg = Debug|Any CPU
		{0E274E77-0C8B-4650-B45B-94399770674A}.Debug|x64.Build.0 = Debug|Any CPU
		{0E274E77-0C8B-4650-B45B-94399770674A}.Debug|x86.ActiveCfg = Debug|Any CPU
		{0E274E77-0C8B-4650-B45B-94399770674A}.Debug|x86.Build.0 = Debug|Any CPU
		{0E274E77-0C8B-4650-B45B-94399770674A}.Release|Any CPU.ActiveCfg = Release|Any CPU
		{0E274E77-0C8B-4650-B45B-94399770674A}.Release|Any CPU.Build.0 = Release|Any CPU
		{0E274E77-0C8B-4650-B45B-94399770674A}.Release|ARM.ActiveCfg = Release|Any CPU
		{0E274E77-0C8B-4650-B45B-94399770674A}.Release|ARM.Build.0 = Release|Any CPU
		{0E274E77-0C8B-4650-B45B-94399770674A}.Release|arm64.ActiveCfg = Release|Any CPU
		{0E274E77-0C8B-4650-B45B-94399770674A}.Release|arm64.Build.0 = Release|Any CPU
		{0E274E77-0C8B-4650-B45B-94399770674A}.Release|x64.ActiveCfg = Release|Any CPU
		{0E274E77-0C8B-4650-B45B-94399770674A}.Release|x64.Build.0 = Release|Any CPU
		{0E274E77-0C8B-4650-B45B-94399770674A}.Release|x86.ActiveCfg = Release|Any CPU
		{0E274E77-0C8B-4650-B45B-94399770674A}.Release|x86.Build.0 = Release|Any CPU
		{D470A070-3DCA-4CBE-B746-BD695267E412}.Debug|Any CPU.ActiveCfg = Debug|Any CPU
		{D470A070-3DCA-4CBE-B746-BD695267E412}.Debug|Any CPU.Build.0 = Debug|Any CPU
		{D470A070-3DCA-4CBE-B746-BD695267E412}.Debug|ARM.ActiveCfg = Debug|Any CPU
		{D470A070-3DCA-4CBE-B746-BD695267E412}.Debug|ARM.Build.0 = Debug|Any CPU
		{D470A070-3DCA-4CBE-B746-BD695267E412}.Debug|arm64.ActiveCfg = Debug|Any CPU
		{D470A070-3DCA-4CBE-B746-BD695267E412}.Debug|arm64.Build.0 = Debug|Any CPU
		{D470A070-3DCA-4CBE-B746-BD695267E412}.Debug|x64.ActiveCfg = Debug|Any CPU
		{D470A070-3DCA-4CBE-B746-BD695267E412}.Debug|x64.Build.0 = Debug|Any CPU
		{D470A070-3DCA-4CBE-B746-BD695267E412}.Debug|x86.ActiveCfg = Debug|Any CPU
		{D470A070-3DCA-4CBE-B746-BD695267E412}.Debug|x86.Build.0 = Debug|Any CPU
		{D470A070-3DCA-4CBE-B746-BD695267E412}.Release|Any CPU.ActiveCfg = Release|Any CPU
		{D470A070-3DCA-4CBE-B746-BD695267E412}.Release|Any CPU.Build.0 = Release|Any CPU
		{D470A070-3DCA-4CBE-B746-BD695267E412}.Release|ARM.ActiveCfg = Release|Any CPU
		{D470A070-3DCA-4CBE-B746-BD695267E412}.Release|ARM.Build.0 = Release|Any CPU
		{D470A070-3DCA-4CBE-B746-BD695267E412}.Release|arm64.ActiveCfg = Release|Any CPU
		{D470A070-3DCA-4CBE-B746-BD695267E412}.Release|arm64.Build.0 = Release|Any CPU
		{D470A070-3DCA-4CBE-B746-BD695267E412}.Release|x64.ActiveCfg = Release|Any CPU
		{D470A070-3DCA-4CBE-B746-BD695267E412}.Release|x64.Build.0 = Release|Any CPU
		{D470A070-3DCA-4CBE-B746-BD695267E412}.Release|x86.ActiveCfg = Release|Any CPU
		{D470A070-3DCA-4CBE-B746-BD695267E412}.Release|x86.Build.0 = Release|Any CPU
		{79AAFCD0-7437-4F2C-BEAB-107A53C63EE7}.Debug|Any CPU.ActiveCfg = Debug|Any CPU
		{79AAFCD0-7437-4F2C-BEAB-107A53C63EE7}.Debug|Any CPU.Build.0 = Debug|Any CPU
		{79AAFCD0-7437-4F2C-BEAB-107A53C63EE7}.Debug|ARM.ActiveCfg = Debug|Any CPU
		{79AAFCD0-7437-4F2C-BEAB-107A53C63EE7}.Debug|ARM.Build.0 = Debug|Any CPU
		{79AAFCD0-7437-4F2C-BEAB-107A53C63EE7}.Debug|arm64.ActiveCfg = Debug|Any CPU
		{79AAFCD0-7437-4F2C-BEAB-107A53C63EE7}.Debug|arm64.Build.0 = Debug|Any CPU
		{79AAFCD0-7437-4F2C-BEAB-107A53C63EE7}.Debug|x64.ActiveCfg = Debug|Any CPU
		{79AAFCD0-7437-4F2C-BEAB-107A53C63EE7}.Debug|x64.Build.0 = Debug|Any CPU
		{79AAFCD0-7437-4F2C-BEAB-107A53C63EE7}.Debug|x86.ActiveCfg = Debug|Any CPU
		{79AAFCD0-7437-4F2C-BEAB-107A53C63EE7}.Debug|x86.Build.0 = Debug|Any CPU
		{79AAFCD0-7437-4F2C-BEAB-107A53C63EE7}.Release|Any CPU.ActiveCfg = Release|Any CPU
		{79AAFCD0-7437-4F2C-BEAB-107A53C63EE7}.Release|Any CPU.Build.0 = Release|Any CPU
		{79AAFCD0-7437-4F2C-BEAB-107A53C63EE7}.Release|ARM.ActiveCfg = Release|Any CPU
		{79AAFCD0-7437-4F2C-BEAB-107A53C63EE7}.Release|ARM.Build.0 = Release|Any CPU
		{79AAFCD0-7437-4F2C-BEAB-107A53C63EE7}.Release|arm64.ActiveCfg = Release|Any CPU
		{79AAFCD0-7437-4F2C-BEAB-107A53C63EE7}.Release|arm64.Build.0 = Release|Any CPU
		{79AAFCD0-7437-4F2C-BEAB-107A53C63EE7}.Release|x64.ActiveCfg = Release|Any CPU
		{79AAFCD0-7437-4F2C-BEAB-107A53C63EE7}.Release|x64.Build.0 = Release|Any CPU
		{79AAFCD0-7437-4F2C-BEAB-107A53C63EE7}.Release|x86.ActiveCfg = Release|Any CPU
		{79AAFCD0-7437-4F2C-BEAB-107A53C63EE7}.Release|x86.Build.0 = Release|Any CPU
		{67442771-6AA9-4F6F-A7F9-D99D65CB549A}.Debug|Any CPU.ActiveCfg = Debug|Any CPU
		{67442771-6AA9-4F6F-A7F9-D99D65CB549A}.Debug|Any CPU.Build.0 = Debug|Any CPU
		{67442771-6AA9-4F6F-A7F9-D99D65CB549A}.Debug|ARM.ActiveCfg = Debug|Any CPU
		{67442771-6AA9-4F6F-A7F9-D99D65CB549A}.Debug|ARM.Build.0 = Debug|Any CPU
		{67442771-6AA9-4F6F-A7F9-D99D65CB549A}.Debug|arm64.ActiveCfg = Debug|Any CPU
		{67442771-6AA9-4F6F-A7F9-D99D65CB549A}.Debug|arm64.Build.0 = Debug|Any CPU
		{67442771-6AA9-4F6F-A7F9-D99D65CB549A}.Debug|x64.ActiveCfg = Debug|Any CPU
		{67442771-6AA9-4F6F-A7F9-D99D65CB549A}.Debug|x64.Build.0 = Debug|Any CPU
		{67442771-6AA9-4F6F-A7F9-D99D65CB549A}.Debug|x86.ActiveCfg = Debug|Any CPU
		{67442771-6AA9-4F6F-A7F9-D99D65CB549A}.Debug|x86.Build.0 = Debug|Any CPU
		{67442771-6AA9-4F6F-A7F9-D99D65CB549A}.Release|Any CPU.ActiveCfg = Release|Any CPU
		{67442771-6AA9-4F6F-A7F9-D99D65CB549A}.Release|Any CPU.Build.0 = Release|Any CPU
		{67442771-6AA9-4F6F-A7F9-D99D65CB549A}.Release|ARM.ActiveCfg = Release|Any CPU
		{67442771-6AA9-4F6F-A7F9-D99D65CB549A}.Release|ARM.Build.0 = Release|Any CPU
		{67442771-6AA9-4F6F-A7F9-D99D65CB549A}.Release|arm64.ActiveCfg = Release|Any CPU
		{67442771-6AA9-4F6F-A7F9-D99D65CB549A}.Release|arm64.Build.0 = Release|Any CPU
		{67442771-6AA9-4F6F-A7F9-D99D65CB549A}.Release|x64.ActiveCfg = Release|Any CPU
		{67442771-6AA9-4F6F-A7F9-D99D65CB549A}.Release|x64.Build.0 = Release|Any CPU
		{67442771-6AA9-4F6F-A7F9-D99D65CB549A}.Release|x86.ActiveCfg = Release|Any CPU
		{67442771-6AA9-4F6F-A7F9-D99D65CB549A}.Release|x86.Build.0 = Release|Any CPU
		{2B1D5175-F960-4FF2-A27B-ED473556DD15}.Debug|Any CPU.ActiveCfg = Debug|Any CPU
		{2B1D5175-F960-4FF2-A27B-ED473556DD15}.Debug|Any CPU.Build.0 = Debug|Any CPU
		{2B1D5175-F960-4FF2-A27B-ED473556DD15}.Debug|ARM.ActiveCfg = Debug|Any CPU
		{2B1D5175-F960-4FF2-A27B-ED473556DD15}.Debug|ARM.Build.0 = Debug|Any CPU
		{2B1D5175-F960-4FF2-A27B-ED473556DD15}.Debug|arm64.ActiveCfg = Debug|Any CPU
		{2B1D5175-F960-4FF2-A27B-ED473556DD15}.Debug|arm64.Build.0 = Debug|Any CPU
		{2B1D5175-F960-4FF2-A27B-ED473556DD15}.Debug|x64.ActiveCfg = Debug|Any CPU
		{2B1D5175-F960-4FF2-A27B-ED473556DD15}.Debug|x64.Build.0 = Debug|Any CPU
		{2B1D5175-F960-4FF2-A27B-ED473556DD15}.Debug|x86.ActiveCfg = Debug|Any CPU
		{2B1D5175-F960-4FF2-A27B-ED473556DD15}.Debug|x86.Build.0 = Debug|Any CPU
		{2B1D5175-F960-4FF2-A27B-ED473556DD15}.Release|Any CPU.ActiveCfg = Release|Any CPU
		{2B1D5175-F960-4FF2-A27B-ED473556DD15}.Release|Any CPU.Build.0 = Release|Any CPU
		{2B1D5175-F960-4FF2-A27B-ED473556DD15}.Release|ARM.ActiveCfg = Release|Any CPU
		{2B1D5175-F960-4FF2-A27B-ED473556DD15}.Release|ARM.Build.0 = Release|Any CPU
		{2B1D5175-F960-4FF2-A27B-ED473556DD15}.Release|arm64.ActiveCfg = Release|Any CPU
		{2B1D5175-F960-4FF2-A27B-ED473556DD15}.Release|arm64.Build.0 = Release|Any CPU
		{2B1D5175-F960-4FF2-A27B-ED473556DD15}.Release|x64.ActiveCfg = Release|Any CPU
		{2B1D5175-F960-4FF2-A27B-ED473556DD15}.Release|x64.Build.0 = Release|Any CPU
		{2B1D5175-F960-4FF2-A27B-ED473556DD15}.Release|x86.ActiveCfg = Release|Any CPU
		{2B1D5175-F960-4FF2-A27B-ED473556DD15}.Release|x86.Build.0 = Release|Any CPU
		{8B655E45-6D8A-493A-B9DF-338E84CF44A7}.Debug|Any CPU.ActiveCfg = Debug|Any CPU
		{8B655E45-6D8A-493A-B9DF-338E84CF44A7}.Debug|Any CPU.Build.0 = Debug|Any CPU
		{8B655E45-6D8A-493A-B9DF-338E84CF44A7}.Debug|ARM.ActiveCfg = Debug|Any CPU
		{8B655E45-6D8A-493A-B9DF-338E84CF44A7}.Debug|ARM.Build.0 = Debug|Any CPU
		{8B655E45-6D8A-493A-B9DF-338E84CF44A7}.Debug|arm64.ActiveCfg = Debug|Any CPU
		{8B655E45-6D8A-493A-B9DF-338E84CF44A7}.Debug|arm64.Build.0 = Debug|Any CPU
		{8B655E45-6D8A-493A-B9DF-338E84CF44A7}.Debug|x64.ActiveCfg = Debug|Any CPU
		{8B655E45-6D8A-493A-B9DF-338E84CF44A7}.Debug|x64.Build.0 = Debug|Any CPU
		{8B655E45-6D8A-493A-B9DF-338E84CF44A7}.Debug|x86.ActiveCfg = Debug|Any CPU
		{8B655E45-6D8A-493A-B9DF-338E84CF44A7}.Debug|x86.Build.0 = Debug|Any CPU
		{8B655E45-6D8A-493A-B9DF-338E84CF44A7}.Release|Any CPU.ActiveCfg = Release|Any CPU
		{8B655E45-6D8A-493A-B9DF-338E84CF44A7}.Release|Any CPU.Build.0 = Release|Any CPU
		{8B655E45-6D8A-493A-B9DF-338E84CF44A7}.Release|ARM.ActiveCfg = Release|Any CPU
		{8B655E45-6D8A-493A-B9DF-338E84CF44A7}.Release|ARM.Build.0 = Release|Any CPU
		{8B655E45-6D8A-493A-B9DF-338E84CF44A7}.Release|arm64.ActiveCfg = Release|Any CPU
		{8B655E45-6D8A-493A-B9DF-338E84CF44A7}.Release|arm64.Build.0 = Release|Any CPU
		{8B655E45-6D8A-493A-B9DF-338E84CF44A7}.Release|x64.ActiveCfg = Release|Any CPU
		{8B655E45-6D8A-493A-B9DF-338E84CF44A7}.Release|x64.Build.0 = Release|Any CPU
		{8B655E45-6D8A-493A-B9DF-338E84CF44A7}.Release|x86.ActiveCfg = Release|Any CPU
		{8B655E45-6D8A-493A-B9DF-338E84CF44A7}.Release|x86.Build.0 = Release|Any CPU
		{47C9AB92-D5E0-4E0E-8E72-27286095CAAB}.Debug|Any CPU.ActiveCfg = Debug|Any CPU
		{47C9AB92-D5E0-4E0E-8E72-27286095CAAB}.Debug|Any CPU.Build.0 = Debug|Any CPU
		{47C9AB92-D5E0-4E0E-8E72-27286095CAAB}.Debug|ARM.ActiveCfg = Debug|Any CPU
		{47C9AB92-D5E0-4E0E-8E72-27286095CAAB}.Debug|ARM.Build.0 = Debug|Any CPU
		{47C9AB92-D5E0-4E0E-8E72-27286095CAAB}.Debug|arm64.ActiveCfg = Debug|Any CPU
		{47C9AB92-D5E0-4E0E-8E72-27286095CAAB}.Debug|arm64.Build.0 = Debug|Any CPU
		{47C9AB92-D5E0-4E0E-8E72-27286095CAAB}.Debug|x64.ActiveCfg = Debug|Any CPU
		{47C9AB92-D5E0-4E0E-8E72-27286095CAAB}.Debug|x64.Build.0 = Debug|Any CPU
		{47C9AB92-D5E0-4E0E-8E72-27286095CAAB}.Debug|x86.ActiveCfg = Debug|Any CPU
		{47C9AB92-D5E0-4E0E-8E72-27286095CAAB}.Debug|x86.Build.0 = Debug|Any CPU
		{47C9AB92-D5E0-4E0E-8E72-27286095CAAB}.Release|Any CPU.ActiveCfg = Release|Any CPU
		{47C9AB92-D5E0-4E0E-8E72-27286095CAAB}.Release|Any CPU.Build.0 = Release|Any CPU
		{47C9AB92-D5E0-4E0E-8E72-27286095CAAB}.Release|ARM.ActiveCfg = Release|Any CPU
		{47C9AB92-D5E0-4E0E-8E72-27286095CAAB}.Release|ARM.Build.0 = Release|Any CPU
		{47C9AB92-D5E0-4E0E-8E72-27286095CAAB}.Release|arm64.ActiveCfg = Release|Any CPU
		{47C9AB92-D5E0-4E0E-8E72-27286095CAAB}.Release|arm64.Build.0 = Release|Any CPU
		{47C9AB92-D5E0-4E0E-8E72-27286095CAAB}.Release|x64.ActiveCfg = Release|Any CPU
		{47C9AB92-D5E0-4E0E-8E72-27286095CAAB}.Release|x64.Build.0 = Release|Any CPU
		{47C9AB92-D5E0-4E0E-8E72-27286095CAAB}.Release|x86.ActiveCfg = Release|Any CPU
		{47C9AB92-D5E0-4E0E-8E72-27286095CAAB}.Release|x86.Build.0 = Release|Any CPU
		{172558EA-BBB9-4F73-A6D1-86247D366367}.Debug|Any CPU.ActiveCfg = Debug|Any CPU
		{172558EA-BBB9-4F73-A6D1-86247D366367}.Debug|Any CPU.Build.0 = Debug|Any CPU
		{172558EA-BBB9-4F73-A6D1-86247D366367}.Debug|ARM.ActiveCfg = Debug|Any CPU
		{172558EA-BBB9-4F73-A6D1-86247D366367}.Debug|ARM.Build.0 = Debug|Any CPU
		{172558EA-BBB9-4F73-A6D1-86247D366367}.Debug|arm64.ActiveCfg = Debug|Any CPU
		{172558EA-BBB9-4F73-A6D1-86247D366367}.Debug|arm64.Build.0 = Debug|Any CPU
		{172558EA-BBB9-4F73-A6D1-86247D366367}.Debug|x64.ActiveCfg = Debug|Any CPU
		{172558EA-BBB9-4F73-A6D1-86247D366367}.Debug|x64.Build.0 = Debug|Any CPU
		{172558EA-BBB9-4F73-A6D1-86247D366367}.Debug|x86.ActiveCfg = Debug|Any CPU
		{172558EA-BBB9-4F73-A6D1-86247D366367}.Debug|x86.Build.0 = Debug|Any CPU
		{172558EA-BBB9-4F73-A6D1-86247D366367}.Release|Any CPU.ActiveCfg = Release|Any CPU
		{172558EA-BBB9-4F73-A6D1-86247D366367}.Release|Any CPU.Build.0 = Release|Any CPU
		{172558EA-BBB9-4F73-A6D1-86247D366367}.Release|ARM.ActiveCfg = Release|Any CPU
		{172558EA-BBB9-4F73-A6D1-86247D366367}.Release|ARM.Build.0 = Release|Any CPU
		{172558EA-BBB9-4F73-A6D1-86247D366367}.Release|arm64.ActiveCfg = Release|Any CPU
		{172558EA-BBB9-4F73-A6D1-86247D366367}.Release|arm64.Build.0 = Release|Any CPU
		{172558EA-BBB9-4F73-A6D1-86247D366367}.Release|x64.ActiveCfg = Release|Any CPU
		{172558EA-BBB9-4F73-A6D1-86247D366367}.Release|x64.Build.0 = Release|Any CPU
		{172558EA-BBB9-4F73-A6D1-86247D366367}.Release|x86.ActiveCfg = Release|Any CPU
		{172558EA-BBB9-4F73-A6D1-86247D366367}.Release|x86.Build.0 = Release|Any CPU
		{EACE14FE-4C54-4052-9229-45243E19D192}.Debug|Any CPU.ActiveCfg = Debug|Any CPU
		{EACE14FE-4C54-4052-9229-45243E19D192}.Debug|Any CPU.Build.0 = Debug|Any CPU
		{EACE14FE-4C54-4052-9229-45243E19D192}.Debug|ARM.ActiveCfg = Debug|Any CPU
		{EACE14FE-4C54-4052-9229-45243E19D192}.Debug|ARM.Build.0 = Debug|Any CPU
		{EACE14FE-4C54-4052-9229-45243E19D192}.Debug|arm64.ActiveCfg = Debug|Any CPU
		{EACE14FE-4C54-4052-9229-45243E19D192}.Debug|arm64.Build.0 = Debug|Any CPU
		{EACE14FE-4C54-4052-9229-45243E19D192}.Debug|x64.ActiveCfg = Debug|Any CPU
		{EACE14FE-4C54-4052-9229-45243E19D192}.Debug|x64.Build.0 = Debug|Any CPU
		{EACE14FE-4C54-4052-9229-45243E19D192}.Debug|x86.ActiveCfg = Debug|Any CPU
		{EACE14FE-4C54-4052-9229-45243E19D192}.Debug|x86.Build.0 = Debug|Any CPU
		{EACE14FE-4C54-4052-9229-45243E19D192}.Release|Any CPU.ActiveCfg = Release|Any CPU
		{EACE14FE-4C54-4052-9229-45243E19D192}.Release|Any CPU.Build.0 = Release|Any CPU
		{EACE14FE-4C54-4052-9229-45243E19D192}.Release|ARM.ActiveCfg = Release|Any CPU
		{EACE14FE-4C54-4052-9229-45243E19D192}.Release|ARM.Build.0 = Release|Any CPU
		{EACE14FE-4C54-4052-9229-45243E19D192}.Release|arm64.ActiveCfg = Release|Any CPU
		{EACE14FE-4C54-4052-9229-45243E19D192}.Release|arm64.Build.0 = Release|Any CPU
		{EACE14FE-4C54-4052-9229-45243E19D192}.Release|x64.ActiveCfg = Release|Any CPU
		{EACE14FE-4C54-4052-9229-45243E19D192}.Release|x64.Build.0 = Release|Any CPU
		{EACE14FE-4C54-4052-9229-45243E19D192}.Release|x86.ActiveCfg = Release|Any CPU
		{EACE14FE-4C54-4052-9229-45243E19D192}.Release|x86.Build.0 = Release|Any CPU
		{5FC25A87-DB13-47B3-B31B-545B50D4E65D}.Debug|Any CPU.ActiveCfg = Debug|Any CPU
		{5FC25A87-DB13-47B3-B31B-545B50D4E65D}.Debug|Any CPU.Build.0 = Debug|Any CPU
		{5FC25A87-DB13-47B3-B31B-545B50D4E65D}.Debug|ARM.ActiveCfg = Debug|Any CPU
		{5FC25A87-DB13-47B3-B31B-545B50D4E65D}.Debug|ARM.Build.0 = Debug|Any CPU
		{5FC25A87-DB13-47B3-B31B-545B50D4E65D}.Debug|arm64.ActiveCfg = Debug|Any CPU
		{5FC25A87-DB13-47B3-B31B-545B50D4E65D}.Debug|arm64.Build.0 = Debug|Any CPU
		{5FC25A87-DB13-47B3-B31B-545B50D4E65D}.Debug|x64.ActiveCfg = Debug|Any CPU
		{5FC25A87-DB13-47B3-B31B-545B50D4E65D}.Debug|x64.Build.0 = Debug|Any CPU
		{5FC25A87-DB13-47B3-B31B-545B50D4E65D}.Debug|x86.ActiveCfg = Debug|Any CPU
		{5FC25A87-DB13-47B3-B31B-545B50D4E65D}.Debug|x86.Build.0 = Debug|Any CPU
		{5FC25A87-DB13-47B3-B31B-545B50D4E65D}.Release|Any CPU.ActiveCfg = Release|Any CPU
		{5FC25A87-DB13-47B3-B31B-545B50D4E65D}.Release|Any CPU.Build.0 = Release|Any CPU
		{5FC25A87-DB13-47B3-B31B-545B50D4E65D}.Release|ARM.ActiveCfg = Release|Any CPU
		{5FC25A87-DB13-47B3-B31B-545B50D4E65D}.Release|ARM.Build.0 = Release|Any CPU
		{5FC25A87-DB13-47B3-B31B-545B50D4E65D}.Release|arm64.ActiveCfg = Release|Any CPU
		{5FC25A87-DB13-47B3-B31B-545B50D4E65D}.Release|arm64.Build.0 = Release|Any CPU
		{5FC25A87-DB13-47B3-B31B-545B50D4E65D}.Release|x64.ActiveCfg = Release|Any CPU
		{5FC25A87-DB13-47B3-B31B-545B50D4E65D}.Release|x64.Build.0 = Release|Any CPU
		{5FC25A87-DB13-47B3-B31B-545B50D4E65D}.Release|x86.ActiveCfg = Release|Any CPU
		{5FC25A87-DB13-47B3-B31B-545B50D4E65D}.Release|x86.Build.0 = Release|Any CPU
		{5B582E9B-6E63-4806-AFBE-DB492FF10F67}.Debug|Any CPU.ActiveCfg = Debug|Any CPU
		{5B582E9B-6E63-4806-AFBE-DB492FF10F67}.Debug|Any CPU.Build.0 = Debug|Any CPU
		{5B582E9B-6E63-4806-AFBE-DB492FF10F67}.Debug|ARM.ActiveCfg = Debug|Any CPU
		{5B582E9B-6E63-4806-AFBE-DB492FF10F67}.Debug|ARM.Build.0 = Debug|Any CPU
		{5B582E9B-6E63-4806-AFBE-DB492FF10F67}.Debug|arm64.ActiveCfg = Debug|Any CPU
		{5B582E9B-6E63-4806-AFBE-DB492FF10F67}.Debug|arm64.Build.0 = Debug|Any CPU
		{5B582E9B-6E63-4806-AFBE-DB492FF10F67}.Debug|x64.ActiveCfg = Debug|Any CPU
		{5B582E9B-6E63-4806-AFBE-DB492FF10F67}.Debug|x64.Build.0 = Debug|Any CPU
		{5B582E9B-6E63-4806-AFBE-DB492FF10F67}.Debug|x86.ActiveCfg = Debug|Any CPU
		{5B582E9B-6E63-4806-AFBE-DB492FF10F67}.Debug|x86.Build.0 = Debug|Any CPU
		{5B582E9B-6E63-4806-AFBE-DB492FF10F67}.Release|Any CPU.ActiveCfg = Release|Any CPU
		{5B582E9B-6E63-4806-AFBE-DB492FF10F67}.Release|Any CPU.Build.0 = Release|Any CPU
		{5B582E9B-6E63-4806-AFBE-DB492FF10F67}.Release|ARM.ActiveCfg = Release|Any CPU
		{5B582E9B-6E63-4806-AFBE-DB492FF10F67}.Release|ARM.Build.0 = Release|Any CPU
		{5B582E9B-6E63-4806-AFBE-DB492FF10F67}.Release|arm64.ActiveCfg = Release|Any CPU
		{5B582E9B-6E63-4806-AFBE-DB492FF10F67}.Release|arm64.Build.0 = Release|Any CPU
		{5B582E9B-6E63-4806-AFBE-DB492FF10F67}.Release|x64.ActiveCfg = Release|Any CPU
		{5B582E9B-6E63-4806-AFBE-DB492FF10F67}.Release|x64.Build.0 = Release|Any CPU
		{5B582E9B-6E63-4806-AFBE-DB492FF10F67}.Release|x86.ActiveCfg = Release|Any CPU
		{5B582E9B-6E63-4806-AFBE-DB492FF10F67}.Release|x86.Build.0 = Release|Any CPU
		{24057A0C-D3EB-474C-A080-A58049976681}.Debug|Any CPU.ActiveCfg = Debug|Any CPU
		{24057A0C-D3EB-474C-A080-A58049976681}.Debug|Any CPU.Build.0 = Debug|Any CPU
		{24057A0C-D3EB-474C-A080-A58049976681}.Debug|ARM.ActiveCfg = Debug|Any CPU
		{24057A0C-D3EB-474C-A080-A58049976681}.Debug|ARM.Build.0 = Debug|Any CPU
		{24057A0C-D3EB-474C-A080-A58049976681}.Debug|arm64.ActiveCfg = Debug|Any CPU
		{24057A0C-D3EB-474C-A080-A58049976681}.Debug|arm64.Build.0 = Debug|Any CPU
		{24057A0C-D3EB-474C-A080-A58049976681}.Debug|x64.ActiveCfg = Debug|Any CPU
		{24057A0C-D3EB-474C-A080-A58049976681}.Debug|x64.Build.0 = Debug|Any CPU
		{24057A0C-D3EB-474C-A080-A58049976681}.Debug|x86.ActiveCfg = Debug|Any CPU
		{24057A0C-D3EB-474C-A080-A58049976681}.Debug|x86.Build.0 = Debug|Any CPU
		{24057A0C-D3EB-474C-A080-A58049976681}.Release|Any CPU.ActiveCfg = Release|Any CPU
		{24057A0C-D3EB-474C-A080-A58049976681}.Release|Any CPU.Build.0 = Release|Any CPU
		{24057A0C-D3EB-474C-A080-A58049976681}.Release|ARM.ActiveCfg = Release|Any CPU
		{24057A0C-D3EB-474C-A080-A58049976681}.Release|ARM.Build.0 = Release|Any CPU
		{24057A0C-D3EB-474C-A080-A58049976681}.Release|arm64.ActiveCfg = Release|Any CPU
		{24057A0C-D3EB-474C-A080-A58049976681}.Release|arm64.Build.0 = Release|Any CPU
		{24057A0C-D3EB-474C-A080-A58049976681}.Release|x64.ActiveCfg = Release|Any CPU
		{24057A0C-D3EB-474C-A080-A58049976681}.Release|x64.Build.0 = Release|Any CPU
		{24057A0C-D3EB-474C-A080-A58049976681}.Release|x86.ActiveCfg = Release|Any CPU
		{24057A0C-D3EB-474C-A080-A58049976681}.Release|x86.Build.0 = Release|Any CPU
		{495DCDEB-C852-42B5-B8E9-0BA4C84575C7}.Debug|Any CPU.ActiveCfg = Debug|Any CPU
		{495DCDEB-C852-42B5-B8E9-0BA4C84575C7}.Debug|Any CPU.Build.0 = Debug|Any CPU
		{495DCDEB-C852-42B5-B8E9-0BA4C84575C7}.Debug|ARM.ActiveCfg = Debug|Any CPU
		{495DCDEB-C852-42B5-B8E9-0BA4C84575C7}.Debug|ARM.Build.0 = Debug|Any CPU
		{495DCDEB-C852-42B5-B8E9-0BA4C84575C7}.Debug|arm64.ActiveCfg = Debug|Any CPU
		{495DCDEB-C852-42B5-B8E9-0BA4C84575C7}.Debug|arm64.Build.0 = Debug|Any CPU
		{495DCDEB-C852-42B5-B8E9-0BA4C84575C7}.Debug|x64.ActiveCfg = Debug|Any CPU
		{495DCDEB-C852-42B5-B8E9-0BA4C84575C7}.Debug|x64.Build.0 = Debug|Any CPU
		{495DCDEB-C852-42B5-B8E9-0BA4C84575C7}.Debug|x86.ActiveCfg = Debug|Any CPU
		{495DCDEB-C852-42B5-B8E9-0BA4C84575C7}.Debug|x86.Build.0 = Debug|Any CPU
		{495DCDEB-C852-42B5-B8E9-0BA4C84575C7}.Release|Any CPU.ActiveCfg = Release|Any CPU
		{495DCDEB-C852-42B5-B8E9-0BA4C84575C7}.Release|Any CPU.Build.0 = Release|Any CPU
		{495DCDEB-C852-42B5-B8E9-0BA4C84575C7}.Release|ARM.ActiveCfg = Release|Any CPU
		{495DCDEB-C852-42B5-B8E9-0BA4C84575C7}.Release|ARM.Build.0 = Release|Any CPU
		{495DCDEB-C852-42B5-B8E9-0BA4C84575C7}.Release|arm64.ActiveCfg = Release|Any CPU
		{495DCDEB-C852-42B5-B8E9-0BA4C84575C7}.Release|arm64.Build.0 = Release|Any CPU
		{495DCDEB-C852-42B5-B8E9-0BA4C84575C7}.Release|x64.ActiveCfg = Release|Any CPU
		{495DCDEB-C852-42B5-B8E9-0BA4C84575C7}.Release|x64.Build.0 = Release|Any CPU
		{495DCDEB-C852-42B5-B8E9-0BA4C84575C7}.Release|x86.ActiveCfg = Release|Any CPU
		{495DCDEB-C852-42B5-B8E9-0BA4C84575C7}.Release|x86.Build.0 = Release|Any CPU
		{701A1899-B0DB-4431-864B-CF12FAF13B5E}.Debug|Any CPU.ActiveCfg = Debug|Any CPU
		{701A1899-B0DB-4431-864B-CF12FAF13B5E}.Debug|Any CPU.Build.0 = Debug|Any CPU
		{701A1899-B0DB-4431-864B-CF12FAF13B5E}.Debug|ARM.ActiveCfg = Debug|Any CPU
		{701A1899-B0DB-4431-864B-CF12FAF13B5E}.Debug|ARM.Build.0 = Debug|Any CPU
		{701A1899-B0DB-4431-864B-CF12FAF13B5E}.Debug|arm64.ActiveCfg = Debug|Any CPU
		{701A1899-B0DB-4431-864B-CF12FAF13B5E}.Debug|arm64.Build.0 = Debug|Any CPU
		{701A1899-B0DB-4431-864B-CF12FAF13B5E}.Debug|x64.ActiveCfg = Debug|Any CPU
		{701A1899-B0DB-4431-864B-CF12FAF13B5E}.Debug|x64.Build.0 = Debug|Any CPU
		{701A1899-B0DB-4431-864B-CF12FAF13B5E}.Debug|x86.ActiveCfg = Debug|Any CPU
		{701A1899-B0DB-4431-864B-CF12FAF13B5E}.Debug|x86.Build.0 = Debug|Any CPU
		{701A1899-B0DB-4431-864B-CF12FAF13B5E}.Release|Any CPU.ActiveCfg = Release|Any CPU
		{701A1899-B0DB-4431-864B-CF12FAF13B5E}.Release|Any CPU.Build.0 = Release|Any CPU
		{701A1899-B0DB-4431-864B-CF12FAF13B5E}.Release|ARM.ActiveCfg = Release|Any CPU
		{701A1899-B0DB-4431-864B-CF12FAF13B5E}.Release|ARM.Build.0 = Release|Any CPU
		{701A1899-B0DB-4431-864B-CF12FAF13B5E}.Release|arm64.ActiveCfg = Release|Any CPU
		{701A1899-B0DB-4431-864B-CF12FAF13B5E}.Release|arm64.Build.0 = Release|Any CPU
		{701A1899-B0DB-4431-864B-CF12FAF13B5E}.Release|x64.ActiveCfg = Release|Any CPU
		{701A1899-B0DB-4431-864B-CF12FAF13B5E}.Release|x64.Build.0 = Release|Any CPU
		{701A1899-B0DB-4431-864B-CF12FAF13B5E}.Release|x86.ActiveCfg = Release|Any CPU
		{701A1899-B0DB-4431-864B-CF12FAF13B5E}.Release|x86.Build.0 = Release|Any CPU
		{54EAA32D-FB0A-4656-8721-2E0EE8FD093C}.Debug|Any CPU.ActiveCfg = Debug|Any CPU
		{54EAA32D-FB0A-4656-8721-2E0EE8FD093C}.Debug|Any CPU.Build.0 = Debug|Any CPU
		{54EAA32D-FB0A-4656-8721-2E0EE8FD093C}.Debug|ARM.ActiveCfg = Debug|Any CPU
		{54EAA32D-FB0A-4656-8721-2E0EE8FD093C}.Debug|ARM.Build.0 = Debug|Any CPU
		{54EAA32D-FB0A-4656-8721-2E0EE8FD093C}.Debug|arm64.ActiveCfg = Debug|Any CPU
		{54EAA32D-FB0A-4656-8721-2E0EE8FD093C}.Debug|arm64.Build.0 = Debug|Any CPU
		{54EAA32D-FB0A-4656-8721-2E0EE8FD093C}.Debug|x64.ActiveCfg = Debug|Any CPU
		{54EAA32D-FB0A-4656-8721-2E0EE8FD093C}.Debug|x64.Build.0 = Debug|Any CPU
		{54EAA32D-FB0A-4656-8721-2E0EE8FD093C}.Debug|x86.ActiveCfg = Debug|Any CPU
		{54EAA32D-FB0A-4656-8721-2E0EE8FD093C}.Debug|x86.Build.0 = Debug|Any CPU
		{54EAA32D-FB0A-4656-8721-2E0EE8FD093C}.Release|Any CPU.ActiveCfg = Release|Any CPU
		{54EAA32D-FB0A-4656-8721-2E0EE8FD093C}.Release|Any CPU.Build.0 = Release|Any CPU
		{54EAA32D-FB0A-4656-8721-2E0EE8FD093C}.Release|ARM.ActiveCfg = Release|Any CPU
		{54EAA32D-FB0A-4656-8721-2E0EE8FD093C}.Release|ARM.Build.0 = Release|Any CPU
		{54EAA32D-FB0A-4656-8721-2E0EE8FD093C}.Release|arm64.ActiveCfg = Release|Any CPU
		{54EAA32D-FB0A-4656-8721-2E0EE8FD093C}.Release|arm64.Build.0 = Release|Any CPU
		{54EAA32D-FB0A-4656-8721-2E0EE8FD093C}.Release|x64.ActiveCfg = Release|Any CPU
		{54EAA32D-FB0A-4656-8721-2E0EE8FD093C}.Release|x64.Build.0 = Release|Any CPU
		{54EAA32D-FB0A-4656-8721-2E0EE8FD093C}.Release|x86.ActiveCfg = Release|Any CPU
		{54EAA32D-FB0A-4656-8721-2E0EE8FD093C}.Release|x86.Build.0 = Release|Any CPU
		{D8A0F4DD-677A-4D4F-A456-5A40A5D9A4D7}.Debug|Any CPU.ActiveCfg = Debug|Any CPU
		{D8A0F4DD-677A-4D4F-A456-5A40A5D9A4D7}.Debug|Any CPU.Build.0 = Debug|Any CPU
		{D8A0F4DD-677A-4D4F-A456-5A40A5D9A4D7}.Debug|ARM.ActiveCfg = Debug|Any CPU
		{D8A0F4DD-677A-4D4F-A456-5A40A5D9A4D7}.Debug|ARM.Build.0 = Debug|Any CPU
		{D8A0F4DD-677A-4D4F-A456-5A40A5D9A4D7}.Debug|arm64.ActiveCfg = Debug|Any CPU
		{D8A0F4DD-677A-4D4F-A456-5A40A5D9A4D7}.Debug|arm64.Build.0 = Debug|Any CPU
		{D8A0F4DD-677A-4D4F-A456-5A40A5D9A4D7}.Debug|x64.ActiveCfg = Debug|Any CPU
		{D8A0F4DD-677A-4D4F-A456-5A40A5D9A4D7}.Debug|x64.Build.0 = Debug|Any CPU
		{D8A0F4DD-677A-4D4F-A456-5A40A5D9A4D7}.Debug|x86.ActiveCfg = Debug|Any CPU
		{D8A0F4DD-677A-4D4F-A456-5A40A5D9A4D7}.Debug|x86.Build.0 = Debug|Any CPU
		{D8A0F4DD-677A-4D4F-A456-5A40A5D9A4D7}.Release|Any CPU.ActiveCfg = Release|Any CPU
		{D8A0F4DD-677A-4D4F-A456-5A40A5D9A4D7}.Release|Any CPU.Build.0 = Release|Any CPU
		{D8A0F4DD-677A-4D4F-A456-5A40A5D9A4D7}.Release|ARM.ActiveCfg = Release|Any CPU
		{D8A0F4DD-677A-4D4F-A456-5A40A5D9A4D7}.Release|ARM.Build.0 = Release|Any CPU
		{D8A0F4DD-677A-4D4F-A456-5A40A5D9A4D7}.Release|arm64.ActiveCfg = Release|Any CPU
		{D8A0F4DD-677A-4D4F-A456-5A40A5D9A4D7}.Release|arm64.Build.0 = Release|Any CPU
		{D8A0F4DD-677A-4D4F-A456-5A40A5D9A4D7}.Release|x64.ActiveCfg = Release|Any CPU
		{D8A0F4DD-677A-4D4F-A456-5A40A5D9A4D7}.Release|x64.Build.0 = Release|Any CPU
		{D8A0F4DD-677A-4D4F-A456-5A40A5D9A4D7}.Release|x86.ActiveCfg = Release|Any CPU
		{D8A0F4DD-677A-4D4F-A456-5A40A5D9A4D7}.Release|x86.Build.0 = Release|Any CPU
		{6415C4AE-7BC8-4A76-ADFD-D9F22E126865}.Debug|Any CPU.ActiveCfg = Debug|Any CPU
		{6415C4AE-7BC8-4A76-ADFD-D9F22E126865}.Debug|Any CPU.Build.0 = Debug|Any CPU
		{6415C4AE-7BC8-4A76-ADFD-D9F22E126865}.Debug|ARM.ActiveCfg = Debug|Any CPU
		{6415C4AE-7BC8-4A76-ADFD-D9F22E126865}.Debug|ARM.Build.0 = Debug|Any CPU
		{6415C4AE-7BC8-4A76-ADFD-D9F22E126865}.Debug|arm64.ActiveCfg = Debug|Any CPU
		{6415C4AE-7BC8-4A76-ADFD-D9F22E126865}.Debug|arm64.Build.0 = Debug|Any CPU
		{6415C4AE-7BC8-4A76-ADFD-D9F22E126865}.Debug|x64.ActiveCfg = Debug|Any CPU
		{6415C4AE-7BC8-4A76-ADFD-D9F22E126865}.Debug|x64.Build.0 = Debug|Any CPU
		{6415C4AE-7BC8-4A76-ADFD-D9F22E126865}.Debug|x86.ActiveCfg = Debug|Any CPU
		{6415C4AE-7BC8-4A76-ADFD-D9F22E126865}.Debug|x86.Build.0 = Debug|Any CPU
		{6415C4AE-7BC8-4A76-ADFD-D9F22E126865}.Release|Any CPU.ActiveCfg = Release|Any CPU
		{6415C4AE-7BC8-4A76-ADFD-D9F22E126865}.Release|Any CPU.Build.0 = Release|Any CPU
		{6415C4AE-7BC8-4A76-ADFD-D9F22E126865}.Release|ARM.ActiveCfg = Release|Any CPU
		{6415C4AE-7BC8-4A76-ADFD-D9F22E126865}.Release|ARM.Build.0 = Release|Any CPU
		{6415C4AE-7BC8-4A76-ADFD-D9F22E126865}.Release|arm64.ActiveCfg = Release|Any CPU
		{6415C4AE-7BC8-4A76-ADFD-D9F22E126865}.Release|arm64.Build.0 = Release|Any CPU
		{6415C4AE-7BC8-4A76-ADFD-D9F22E126865}.Release|x64.ActiveCfg = Release|Any CPU
		{6415C4AE-7BC8-4A76-ADFD-D9F22E126865}.Release|x64.Build.0 = Release|Any CPU
		{6415C4AE-7BC8-4A76-ADFD-D9F22E126865}.Release|x86.ActiveCfg = Release|Any CPU
		{6415C4AE-7BC8-4A76-ADFD-D9F22E126865}.Release|x86.Build.0 = Release|Any CPU
		{1C47F4DB-2AFF-4FAE-9142-B33BE654A516}.Debug|Any CPU.ActiveCfg = Debug|Any CPU
		{1C47F4DB-2AFF-4FAE-9142-B33BE654A516}.Debug|ARM.ActiveCfg = Debug|Any CPU
		{1C47F4DB-2AFF-4FAE-9142-B33BE654A516}.Debug|arm64.ActiveCfg = Debug|Any CPU
		{1C47F4DB-2AFF-4FAE-9142-B33BE654A516}.Debug|x64.ActiveCfg = Debug|Any CPU
		{1C47F4DB-2AFF-4FAE-9142-B33BE654A516}.Debug|x86.ActiveCfg = Debug|Any CPU
		{1C47F4DB-2AFF-4FAE-9142-B33BE654A516}.Release|Any CPU.ActiveCfg = Release|Any CPU
		{1C47F4DB-2AFF-4FAE-9142-B33BE654A516}.Release|ARM.ActiveCfg = Release|Any CPU
		{1C47F4DB-2AFF-4FAE-9142-B33BE654A516}.Release|arm64.ActiveCfg = Release|Any CPU
		{1C47F4DB-2AFF-4FAE-9142-B33BE654A516}.Release|x64.ActiveCfg = Release|Any CPU
		{1C47F4DB-2AFF-4FAE-9142-B33BE654A516}.Release|x86.ActiveCfg = Release|Any CPU
		{FAF8CCBB-E313-4CB2-A3C0-71B917983584}.Debug|Any CPU.ActiveCfg = Debug|Any CPU
		{FAF8CCBB-E313-4CB2-A3C0-71B917983584}.Debug|Any CPU.Build.0 = Debug|Any CPU
		{FAF8CCBB-E313-4CB2-A3C0-71B917983584}.Debug|ARM.ActiveCfg = Debug|Any CPU
		{FAF8CCBB-E313-4CB2-A3C0-71B917983584}.Debug|ARM.Build.0 = Debug|Any CPU
		{FAF8CCBB-E313-4CB2-A3C0-71B917983584}.Debug|arm64.ActiveCfg = Debug|Any CPU
		{FAF8CCBB-E313-4CB2-A3C0-71B917983584}.Debug|arm64.Build.0 = Debug|Any CPU
		{FAF8CCBB-E313-4CB2-A3C0-71B917983584}.Debug|x64.ActiveCfg = Debug|Any CPU
		{FAF8CCBB-E313-4CB2-A3C0-71B917983584}.Debug|x64.Build.0 = Debug|Any CPU
		{FAF8CCBB-E313-4CB2-A3C0-71B917983584}.Debug|x86.ActiveCfg = Debug|Any CPU
		{FAF8CCBB-E313-4CB2-A3C0-71B917983584}.Debug|x86.Build.0 = Debug|Any CPU
		{FAF8CCBB-E313-4CB2-A3C0-71B917983584}.Release|Any CPU.ActiveCfg = Release|Any CPU
		{FAF8CCBB-E313-4CB2-A3C0-71B917983584}.Release|Any CPU.Build.0 = Release|Any CPU
		{FAF8CCBB-E313-4CB2-A3C0-71B917983584}.Release|ARM.ActiveCfg = Release|Any CPU
		{FAF8CCBB-E313-4CB2-A3C0-71B917983584}.Release|ARM.Build.0 = Release|Any CPU
		{FAF8CCBB-E313-4CB2-A3C0-71B917983584}.Release|arm64.ActiveCfg = Release|Any CPU
		{FAF8CCBB-E313-4CB2-A3C0-71B917983584}.Release|arm64.Build.0 = Release|Any CPU
		{FAF8CCBB-E313-4CB2-A3C0-71B917983584}.Release|x64.ActiveCfg = Release|Any CPU
		{FAF8CCBB-E313-4CB2-A3C0-71B917983584}.Release|x64.Build.0 = Release|Any CPU
		{FAF8CCBB-E313-4CB2-A3C0-71B917983584}.Release|x86.ActiveCfg = Release|Any CPU
		{FAF8CCBB-E313-4CB2-A3C0-71B917983584}.Release|x86.Build.0 = Release|Any CPU
		{69541EE1-09CC-45FD-A341-7012CA7878F7}.Debug|Any CPU.ActiveCfg = Debug|Any CPU
		{69541EE1-09CC-45FD-A341-7012CA7878F7}.Debug|Any CPU.Build.0 = Debug|Any CPU
		{69541EE1-09CC-45FD-A341-7012CA7878F7}.Debug|ARM.ActiveCfg = Debug|Any CPU
		{69541EE1-09CC-45FD-A341-7012CA7878F7}.Debug|ARM.Build.0 = Debug|Any CPU
		{69541EE1-09CC-45FD-A341-7012CA7878F7}.Debug|arm64.ActiveCfg = Debug|Any CPU
		{69541EE1-09CC-45FD-A341-7012CA7878F7}.Debug|arm64.Build.0 = Debug|Any CPU
		{69541EE1-09CC-45FD-A341-7012CA7878F7}.Debug|x64.ActiveCfg = Debug|Any CPU
		{69541EE1-09CC-45FD-A341-7012CA7878F7}.Debug|x64.Build.0 = Debug|Any CPU
		{69541EE1-09CC-45FD-A341-7012CA7878F7}.Debug|x86.ActiveCfg = Debug|Any CPU
		{69541EE1-09CC-45FD-A341-7012CA7878F7}.Debug|x86.Build.0 = Debug|Any CPU
		{69541EE1-09CC-45FD-A341-7012CA7878F7}.Release|Any CPU.ActiveCfg = Release|Any CPU
		{69541EE1-09CC-45FD-A341-7012CA7878F7}.Release|Any CPU.Build.0 = Release|Any CPU
		{69541EE1-09CC-45FD-A341-7012CA7878F7}.Release|ARM.ActiveCfg = Release|Any CPU
		{69541EE1-09CC-45FD-A341-7012CA7878F7}.Release|ARM.Build.0 = Release|Any CPU
		{69541EE1-09CC-45FD-A341-7012CA7878F7}.Release|arm64.ActiveCfg = Release|Any CPU
		{69541EE1-09CC-45FD-A341-7012CA7878F7}.Release|arm64.Build.0 = Release|Any CPU
		{69541EE1-09CC-45FD-A341-7012CA7878F7}.Release|x64.ActiveCfg = Release|Any CPU
		{69541EE1-09CC-45FD-A341-7012CA7878F7}.Release|x64.Build.0 = Release|Any CPU
		{69541EE1-09CC-45FD-A341-7012CA7878F7}.Release|x86.ActiveCfg = Release|Any CPU
		{69541EE1-09CC-45FD-A341-7012CA7878F7}.Release|x86.Build.0 = Release|Any CPU
		{41F302C1-8E4B-4725-B442-82D81C321CE7}.Debug|Any CPU.ActiveCfg = Debug|Any CPU
		{41F302C1-8E4B-4725-B442-82D81C321CE7}.Debug|Any CPU.Build.0 = Debug|Any CPU
		{41F302C1-8E4B-4725-B442-82D81C321CE7}.Debug|ARM.ActiveCfg = Debug|Any CPU
		{41F302C1-8E4B-4725-B442-82D81C321CE7}.Debug|ARM.Build.0 = Debug|Any CPU
		{41F302C1-8E4B-4725-B442-82D81C321CE7}.Debug|arm64.ActiveCfg = Debug|Any CPU
		{41F302C1-8E4B-4725-B442-82D81C321CE7}.Debug|arm64.Build.0 = Debug|Any CPU
		{41F302C1-8E4B-4725-B442-82D81C321CE7}.Debug|x64.ActiveCfg = Debug|Any CPU
		{41F302C1-8E4B-4725-B442-82D81C321CE7}.Debug|x64.Build.0 = Debug|Any CPU
		{41F302C1-8E4B-4725-B442-82D81C321CE7}.Debug|x86.ActiveCfg = Debug|Any CPU
		{41F302C1-8E4B-4725-B442-82D81C321CE7}.Debug|x86.Build.0 = Debug|Any CPU
		{41F302C1-8E4B-4725-B442-82D81C321CE7}.Release|Any CPU.ActiveCfg = Release|Any CPU
		{41F302C1-8E4B-4725-B442-82D81C321CE7}.Release|Any CPU.Build.0 = Release|Any CPU
		{41F302C1-8E4B-4725-B442-82D81C321CE7}.Release|ARM.ActiveCfg = Release|Any CPU
		{41F302C1-8E4B-4725-B442-82D81C321CE7}.Release|ARM.Build.0 = Release|Any CPU
		{41F302C1-8E4B-4725-B442-82D81C321CE7}.Release|arm64.ActiveCfg = Release|Any CPU
		{41F302C1-8E4B-4725-B442-82D81C321CE7}.Release|arm64.Build.0 = Release|Any CPU
		{41F302C1-8E4B-4725-B442-82D81C321CE7}.Release|x64.ActiveCfg = Release|Any CPU
		{41F302C1-8E4B-4725-B442-82D81C321CE7}.Release|x64.Build.0 = Release|Any CPU
		{41F302C1-8E4B-4725-B442-82D81C321CE7}.Release|x86.ActiveCfg = Release|Any CPU
		{41F302C1-8E4B-4725-B442-82D81C321CE7}.Release|x86.Build.0 = Release|Any CPU
		{BA41D4FD-2788-4D85-9CE7-5CC8B29D6F5B}.Debug|Any CPU.ActiveCfg = Debug|Any CPU
		{BA41D4FD-2788-4D85-9CE7-5CC8B29D6F5B}.Debug|Any CPU.Build.0 = Debug|Any CPU
		{BA41D4FD-2788-4D85-9CE7-5CC8B29D6F5B}.Debug|ARM.ActiveCfg = Debug|Any CPU
		{BA41D4FD-2788-4D85-9CE7-5CC8B29D6F5B}.Debug|ARM.Build.0 = Debug|Any CPU
		{BA41D4FD-2788-4D85-9CE7-5CC8B29D6F5B}.Debug|arm64.ActiveCfg = Debug|Any CPU
		{BA41D4FD-2788-4D85-9CE7-5CC8B29D6F5B}.Debug|arm64.Build.0 = Debug|Any CPU
		{BA41D4FD-2788-4D85-9CE7-5CC8B29D6F5B}.Debug|x64.ActiveCfg = Debug|Any CPU
		{BA41D4FD-2788-4D85-9CE7-5CC8B29D6F5B}.Debug|x64.Build.0 = Debug|Any CPU
		{BA41D4FD-2788-4D85-9CE7-5CC8B29D6F5B}.Debug|x86.ActiveCfg = Debug|Any CPU
		{BA41D4FD-2788-4D85-9CE7-5CC8B29D6F5B}.Debug|x86.Build.0 = Debug|Any CPU
		{BA41D4FD-2788-4D85-9CE7-5CC8B29D6F5B}.Release|Any CPU.ActiveCfg = Release|Any CPU
		{BA41D4FD-2788-4D85-9CE7-5CC8B29D6F5B}.Release|Any CPU.Build.0 = Release|Any CPU
		{BA41D4FD-2788-4D85-9CE7-5CC8B29D6F5B}.Release|ARM.ActiveCfg = Release|Any CPU
		{BA41D4FD-2788-4D85-9CE7-5CC8B29D6F5B}.Release|ARM.Build.0 = Release|Any CPU
		{BA41D4FD-2788-4D85-9CE7-5CC8B29D6F5B}.Release|arm64.ActiveCfg = Release|Any CPU
		{BA41D4FD-2788-4D85-9CE7-5CC8B29D6F5B}.Release|arm64.Build.0 = Release|Any CPU
		{BA41D4FD-2788-4D85-9CE7-5CC8B29D6F5B}.Release|x64.ActiveCfg = Release|Any CPU
		{BA41D4FD-2788-4D85-9CE7-5CC8B29D6F5B}.Release|x64.Build.0 = Release|Any CPU
		{BA41D4FD-2788-4D85-9CE7-5CC8B29D6F5B}.Release|x86.ActiveCfg = Release|Any CPU
		{BA41D4FD-2788-4D85-9CE7-5CC8B29D6F5B}.Release|x86.Build.0 = Release|Any CPU
		{733B4916-5395-405F-8178-32F29D8298A3}.Debug|Any CPU.ActiveCfg = Debug|Any CPU
		{733B4916-5395-405F-8178-32F29D8298A3}.Debug|Any CPU.Build.0 = Debug|Any CPU
		{733B4916-5395-405F-8178-32F29D8298A3}.Debug|ARM.ActiveCfg = Debug|Any CPU
		{733B4916-5395-405F-8178-32F29D8298A3}.Debug|ARM.Build.0 = Debug|Any CPU
		{733B4916-5395-405F-8178-32F29D8298A3}.Debug|arm64.ActiveCfg = Debug|Any CPU
		{733B4916-5395-405F-8178-32F29D8298A3}.Debug|arm64.Build.0 = Debug|Any CPU
		{733B4916-5395-405F-8178-32F29D8298A3}.Debug|x64.ActiveCfg = Debug|Any CPU
		{733B4916-5395-405F-8178-32F29D8298A3}.Debug|x64.Build.0 = Debug|Any CPU
		{733B4916-5395-405F-8178-32F29D8298A3}.Debug|x86.ActiveCfg = Debug|Any CPU
		{733B4916-5395-405F-8178-32F29D8298A3}.Debug|x86.Build.0 = Debug|Any CPU
		{733B4916-5395-405F-8178-32F29D8298A3}.Release|Any CPU.ActiveCfg = Release|Any CPU
		{733B4916-5395-405F-8178-32F29D8298A3}.Release|Any CPU.Build.0 = Release|Any CPU
		{733B4916-5395-405F-8178-32F29D8298A3}.Release|ARM.ActiveCfg = Release|Any CPU
		{733B4916-5395-405F-8178-32F29D8298A3}.Release|ARM.Build.0 = Release|Any CPU
		{733B4916-5395-405F-8178-32F29D8298A3}.Release|arm64.ActiveCfg = Release|Any CPU
		{733B4916-5395-405F-8178-32F29D8298A3}.Release|arm64.Build.0 = Release|Any CPU
		{733B4916-5395-405F-8178-32F29D8298A3}.Release|x64.ActiveCfg = Release|Any CPU
		{733B4916-5395-405F-8178-32F29D8298A3}.Release|x64.Build.0 = Release|Any CPU
		{733B4916-5395-405F-8178-32F29D8298A3}.Release|x86.ActiveCfg = Release|Any CPU
		{733B4916-5395-405F-8178-32F29D8298A3}.Release|x86.Build.0 = Release|Any CPU
		{D0D24830-311F-4028-A427-CEF37F792442}.Debug|Any CPU.ActiveCfg = Debug|Any CPU
		{D0D24830-311F-4028-A427-CEF37F792442}.Debug|Any CPU.Build.0 = Debug|Any CPU
		{D0D24830-311F-4028-A427-CEF37F792442}.Debug|ARM.ActiveCfg = Debug|Any CPU
		{D0D24830-311F-4028-A427-CEF37F792442}.Debug|ARM.Build.0 = Debug|Any CPU
		{D0D24830-311F-4028-A427-CEF37F792442}.Debug|arm64.ActiveCfg = Debug|Any CPU
		{D0D24830-311F-4028-A427-CEF37F792442}.Debug|arm64.Build.0 = Debug|Any CPU
		{D0D24830-311F-4028-A427-CEF37F792442}.Debug|x64.ActiveCfg = Debug|Any CPU
		{D0D24830-311F-4028-A427-CEF37F792442}.Debug|x64.Build.0 = Debug|Any CPU
		{D0D24830-311F-4028-A427-CEF37F792442}.Debug|x86.ActiveCfg = Debug|Any CPU
		{D0D24830-311F-4028-A427-CEF37F792442}.Debug|x86.Build.0 = Debug|Any CPU
		{D0D24830-311F-4028-A427-CEF37F792442}.Release|Any CPU.ActiveCfg = Release|Any CPU
		{D0D24830-311F-4028-A427-CEF37F792442}.Release|Any CPU.Build.0 = Release|Any CPU
		{D0D24830-311F-4028-A427-CEF37F792442}.Release|ARM.ActiveCfg = Release|Any CPU
		{D0D24830-311F-4028-A427-CEF37F792442}.Release|ARM.Build.0 = Release|Any CPU
		{D0D24830-311F-4028-A427-CEF37F792442}.Release|arm64.ActiveCfg = Release|Any CPU
		{D0D24830-311F-4028-A427-CEF37F792442}.Release|arm64.Build.0 = Release|Any CPU
		{D0D24830-311F-4028-A427-CEF37F792442}.Release|x64.ActiveCfg = Release|Any CPU
		{D0D24830-311F-4028-A427-CEF37F792442}.Release|x64.Build.0 = Release|Any CPU
		{D0D24830-311F-4028-A427-CEF37F792442}.Release|x86.ActiveCfg = Release|Any CPU
		{D0D24830-311F-4028-A427-CEF37F792442}.Release|x86.Build.0 = Release|Any CPU
		{8B2C72B2-69D0-4146-B200-30EEAC55DFE7}.Debug|Any CPU.ActiveCfg = Debug|Any CPU
		{8B2C72B2-69D0-4146-B200-30EEAC55DFE7}.Debug|Any CPU.Build.0 = Debug|Any CPU
		{8B2C72B2-69D0-4146-B200-30EEAC55DFE7}.Debug|ARM.ActiveCfg = Debug|Any CPU
		{8B2C72B2-69D0-4146-B200-30EEAC55DFE7}.Debug|ARM.Build.0 = Debug|Any CPU
		{8B2C72B2-69D0-4146-B200-30EEAC55DFE7}.Debug|arm64.ActiveCfg = Debug|Any CPU
		{8B2C72B2-69D0-4146-B200-30EEAC55DFE7}.Debug|arm64.Build.0 = Debug|Any CPU
		{8B2C72B2-69D0-4146-B200-30EEAC55DFE7}.Debug|x64.ActiveCfg = Debug|Any CPU
		{8B2C72B2-69D0-4146-B200-30EEAC55DFE7}.Debug|x64.Build.0 = Debug|Any CPU
		{8B2C72B2-69D0-4146-B200-30EEAC55DFE7}.Debug|x86.ActiveCfg = Debug|Any CPU
		{8B2C72B2-69D0-4146-B200-30EEAC55DFE7}.Debug|x86.Build.0 = Debug|Any CPU
		{8B2C72B2-69D0-4146-B200-30EEAC55DFE7}.Release|Any CPU.ActiveCfg = Release|Any CPU
		{8B2C72B2-69D0-4146-B200-30EEAC55DFE7}.Release|Any CPU.Build.0 = Release|Any CPU
		{8B2C72B2-69D0-4146-B200-30EEAC55DFE7}.Release|ARM.ActiveCfg = Release|Any CPU
		{8B2C72B2-69D0-4146-B200-30EEAC55DFE7}.Release|ARM.Build.0 = Release|Any CPU
		{8B2C72B2-69D0-4146-B200-30EEAC55DFE7}.Release|arm64.ActiveCfg = Release|Any CPU
		{8B2C72B2-69D0-4146-B200-30EEAC55DFE7}.Release|arm64.Build.0 = Release|Any CPU
		{8B2C72B2-69D0-4146-B200-30EEAC55DFE7}.Release|x64.ActiveCfg = Release|Any CPU
		{8B2C72B2-69D0-4146-B200-30EEAC55DFE7}.Release|x64.Build.0 = Release|Any CPU
		{8B2C72B2-69D0-4146-B200-30EEAC55DFE7}.Release|x86.ActiveCfg = Release|Any CPU
		{8B2C72B2-69D0-4146-B200-30EEAC55DFE7}.Release|x86.Build.0 = Release|Any CPU
		{FDB6C350-55A5-4FE0-8327-B304502C080D}.Debug|Any CPU.ActiveCfg = Debug|x64
		{FDB6C350-55A5-4FE0-8327-B304502C080D}.Debug|ARM.ActiveCfg = Debug|ARM
		{FDB6C350-55A5-4FE0-8327-B304502C080D}.Debug|arm64.ActiveCfg = Debug|ARM64
		{FDB6C350-55A5-4FE0-8327-B304502C080D}.Debug|x64.ActiveCfg = Debug|x64
		{FDB6C350-55A5-4FE0-8327-B304502C080D}.Debug|x64.Build.0 = Debug|x64
		{FDB6C350-55A5-4FE0-8327-B304502C080D}.Debug|x64.Deploy.0 = Debug|x64
		{FDB6C350-55A5-4FE0-8327-B304502C080D}.Debug|x86.ActiveCfg = Debug|x86
		{FDB6C350-55A5-4FE0-8327-B304502C080D}.Release|Any CPU.ActiveCfg = Release|x64
		{FDB6C350-55A5-4FE0-8327-B304502C080D}.Release|ARM.ActiveCfg = Release|ARM
		{FDB6C350-55A5-4FE0-8327-B304502C080D}.Release|arm64.ActiveCfg = Release|ARM64
		{FDB6C350-55A5-4FE0-8327-B304502C080D}.Release|x64.ActiveCfg = Release|x64
		{FDB6C350-55A5-4FE0-8327-B304502C080D}.Release|x64.Build.0 = Release|x64
		{FDB6C350-55A5-4FE0-8327-B304502C080D}.Release|x64.Deploy.0 = Release|x64
		{FDB6C350-55A5-4FE0-8327-B304502C080D}.Release|x86.ActiveCfg = Release|x86
	EndGlobalSection
	GlobalSection(SolutionProperties) = preSolution
		HideSolutionNode = FALSE
	EndGlobalSection
	GlobalSection(ExtensibilityGlobals) = postSolution
		SolutionGuid = {20DF83EA-1447-4BF8-B127-DAA21DDDE007}
	EndGlobalSection
EndGlobal
